
Microsoft Visual Studio Solution File, Format Version 12.00
# Visual Studio Version 17
VisualStudioVersion = 17.5.002.0
MinimumVisualStudioVersion = 10.0.40219.1
Project("{9A19103F-16F7-4668-BE54-9A1E7A4F7556}") = "PressureSense", "PressureSense.csproj", "{4B8382F0-D8E8-498D-BF81-41B7041F64A9}"
EndProject
Global
	GlobalSection(SolutionConfigurationPlatforms) = preSolution
		Debug|Any CPU = Debug|Any CPU
		Release|Any CPU = Release|Any CPU
	EndGlobalSection
	GlobalSection(ProjectConfigurationPlatforms) = postSolution
		{4B8382F0-D8E8-498D-BF81-41B7041F64A9}.Debug|Any CPU.ActiveCfg = Debug|Any CPU
		{4B8382F0-D8E8-498D-BF81-41B7041F64A9}.Debug|Any CPU.Build.0 = Debug|Any CPU
		{4B8382F0-D8E8-498D-BF81-41B7041F64A9}.Release|Any CPU.ActiveCfg = Release|Any CPU
		{4B8382F0-D8E8-498D-BF81-41B7041F64A9}.Release|Any CPU.Build.0 = Release|Any CPU
	EndGlobalSection
	GlobalSection(SolutionProperties) = preSolution
		HideSolutionNode = FALSE
	EndGlobalSection
	GlobalSection(ExtensibilityGlobals) = postSolution
		SolutionGuid = {9F04987F-442F-482D-BA2E-69402A1FE151}
	EndGlobalSection
EndGlobal
